
Microsoft Visual Studio Solution File, Format Version 12.00
# Visual Studio Version 17
VisualStudioVersion = 17.4.33205.214
MinimumVisualStudioVersion = 10.0.40219.1
Project("{FAE04EC0-301F-11D3-BF4B-00C04F79EFBC}") = "PivotTable", "PivotTable\PivotTable.csproj", "{04CC5C4C-3C1F-4ECB-A2B1-2A78FEFBD37F}"
EndProject
Global
	GlobalSection(SolutionConfigurationPlatforms) = preSolution
		Debug|Any CPU = Debug|Any CPU
		Release|Any CPU = Release|Any CPU
	EndGlobalSection
	GlobalSection(ProjectConfigurationPlatforms) = postSolution
		{04CC5C4C-3C1F-4ECB-A2B1-2A78FEFBD37F}.Debug|Any CPU.ActiveCfg = Debug|Any CPU
		{04CC5C4C-3C1F-4ECB-A2B1-2A78FEFBD37F}.Debug|Any CPU.Build.0 = Debug|Any CPU
		{04CC5C4C-3C1F-4ECB-A2B1-2A78FEFBD37F}.Release|Any CPU.ActiveCfg = Release|Any CPU
		{04CC5C4C-3C1F-4ECB-A2B1-2A78FEFBD37F}.Release|Any CPU.Build.0 = Release|Any CPU
	EndGlobalSection
	GlobalSection(SolutionProperties) = preSolution
		HideSolutionNode = FALSE
	EndGlobalSection
	GlobalSection(ExtensibilityGlobals) = postSolution
		SolutionGuid = {1411CAED-BDAB-47B1-9B31-9D5B9DD4BC0E}
	EndGlobalSection
EndGlobal
